
Microsoft Visual Studio Solution File, Format Version 12.00
# Visual Studio 2012
Project("{FAE04EC0-301F-11D3-BF4B-00C04F79EFBC}") = "Tp1-Lab II", "Tp1-Lab II\Tp1-Lab II.csproj", "{2B165945-79CC-4828-9013-AE7E87B35C66}"
EndProject
Global
	GlobalSection(SolutionConfigurationPlatforms) = preSolution
		Debug|Any CPU = Debug|Any CPU
		Release|Any CPU = Release|Any CPU
	EndGlobalSection
	GlobalSection(ProjectConfigurationPlatforms) = postSolution
		{2B165945-79CC-4828-9013-AE7E87B35C66}.Debug|Any CPU.ActiveCfg = Debug|Any CPU
		{2B165945-79CC-4828-9013-AE7E87B35C66}.Debug|Any CPU.Build.0 = Debug|Any CPU
		{2B165945-79CC-4828-9013-AE7E87B35C66}.Release|Any CPU.ActiveCfg = Release|Any CPU
		{2B165945-79CC-4828-9013-AE7E87B35C66}.Release|Any CPU.Build.0 = Release|Any CPU
	EndGlobalSection
	GlobalSection(SolutionProperties) = preSolution
		HideSolutionNode = FALSE
	EndGlobalSection
EndGlobal
